
Microsoft Visual Studio Solution File, Format Version 12.00
# Visual Studio Version 16
VisualStudioVersion = 16.0.31729.503
MinimumVisualStudioVersion = 10.0.40219.1
Project("{8BC9CEB8-8B4A-11D0-8D11-00A0C91BC942}") = "LocalizationUtils", "LocalizationUtils\LocalizationUtils.vcxproj", "{B4A287BF-C67A-4FF1-B2E2-95366C54FF94}"
EndProject
Project("{8BC9CEB8-8B4A-11D0-8D11-00A0C91BC942}") = "JSON", "JSON\JSON.vcxproj", "{F6B57139-D9F3-4B02-AA92-4E1F417649DA}"
EndProject
Project("{8BC9CEB8-8B4A-11D0-8D11-00A0C91BC942}") = "SHA256", "SHA256\SHA256.vcxproj", "{91F7FB1E-1D8D-4544-99E2-23D409D666AB}"
EndProject
Project("{2150E333-8FDC-42A3-9474-1A3956D46DE8}") = "Dependencies", "Dependencies", "{CD2D8489-861B-4FB2-A5C6-AD4FC606357A}"
EndProject
Global
	GlobalSection(SolutionConfigurationPlatforms) = preSolution
		Debug|x64 = Debug|x64
		Debug|x86 = Debug|x86
		DebugDLL|x64 = DebugDLL|x64
		DebugDLL|x86 = DebugDLL|x86
		ProductionRelease|x64 = ProductionRelease|x64
		ProductionRelease|x86 = ProductionRelease|x86
		ProductionReleaseDLL|x64 = ProductionReleaseDLL|x64
		ProductionReleaseDLL|x86 = ProductionReleaseDLL|x86
		Release|x64 = Release|x64
		Release|x86 = Release|x86
		ReleaseDLL|x64 = ReleaseDLL|x64
		ReleaseDLL|x86 = ReleaseDLL|x86
	EndGlobalSection
	GlobalSection(ProjectConfigurationPlatforms) = postSolution
		{B4A287BF-C67A-4FF1-B2E2-95366C54FF94}.Debug|x64.ActiveCfg = Debug|x64
		{B4A287BF-C67A-4FF1-B2E2-95366C54FF94}.Debug|x64.Build.0 = Debug|x64
		{B4A287BF-C67A-4FF1-B2E2-95366C54FF94}.Debug|x86.ActiveCfg = Debug|Win32
		{B4A287BF-C67A-4FF1-B2E2-95366C54FF94}.Debug|x86.Build.0 = Debug|Win32
		{B4A287BF-C67A-4FF1-B2E2-95366C54FF94}.DebugDLL|x64.ActiveCfg = Debug|x64
		{B4A287BF-C67A-4FF1-B2E2-95366C54FF94}.DebugDLL|x64.Build.0 = Debug|x64
		{B4A287BF-C67A-4FF1-B2E2-95366C54FF94}.DebugDLL|x86.ActiveCfg = Debug|Win32
		{B4A287BF-C67A-4FF1-B2E2-95366C54FF94}.DebugDLL|x86.Build.0 = Debug|Win32
		{B4A287BF-C67A-4FF1-B2E2-95366C54FF94}.ProductionRelease|x64.ActiveCfg = Release|x64
		{B4A287BF-C67A-4FF1-B2E2-95366C54FF94}.ProductionRelease|x64.Build.0 = Release|x64
		{B4A287BF-C67A-4FF1-B2E2-95366C54FF94}.ProductionRelease|x86.ActiveCfg = Release|Win32
		{B4A287BF-C67A-4FF1-B2E2-95366C54FF94}.ProductionRelease|x86.Build.0 = Release|Win32
		{B4A287BF-C67A-4FF1-B2E2-95366C54FF94}.ProductionReleaseDLL|x64.ActiveCfg = Release|x64
		{B4A287BF-C67A-4FF1-B2E2-95366C54FF94}.ProductionReleaseDLL|x64.Build.0 = Release|x64
		{B4A287BF-C67A-4FF1-B2E2-95366C54FF94}.ProductionReleaseDLL|x86.ActiveCfg = Release|Win32
		{B4A287BF-C67A-4FF1-B2E2-95366C54FF94}.ProductionReleaseDLL|x86.Build.0 = Release|Win32
		{B4A287BF-C67A-4FF1-B2E2-95366C54FF94}.Release|x64.ActiveCfg = Release|x64
		{B4A287BF-C67A-4FF1-B2E2-95366C54FF94}.Release|x64.Build.0 = Release|x64
		{B4A287BF-C67A-4FF1-B2E2-95366C54FF94}.Release|x86.ActiveCfg = Release|Win32
		{B4A287BF-C67A-4FF1-B2E2-95366C54FF94}.Release|x86.Build.0 = Release|Win32
		{B4A287BF-C67A-4FF1-B2E2-95366C54FF94}.ReleaseDLL|x64.ActiveCfg = Release|x64
		{B4A287BF-C67A-4FF1-B2E2-95366C54FF94}.ReleaseDLL|x64.Build.0 = Release|x64
		{B4A287BF-C67A-4FF1-B2E2-95366C54FF94}.ReleaseDLL|x86.ActiveCfg = Release|Win32
		{B4A287BF-C67A-4FF1-B2E2-95366C54FF94}.ReleaseDLL|x86.Build.0 = Release|Win32
		{F6B57139-D9F3-4B02-AA92-4E1F417649DA}.Debug|x64.ActiveCfg = Debug|x64
		{F6B57139-D9F3-4B02-AA92-4E1F417649DA}.Debug|x64.Build.0 = Debug|x64
		{F6B57139-D9F3-4B02-AA92-4E1F417649DA}.Debug|x86.ActiveCfg = Debug|Win32
		{F6B57139-D9F3-4B02-AA92-4E1F417649DA}.Debug|x86.Build.0 = Debug|Win32
		{F6B57139-D9F3-4B02-AA92-4E1F417649DA}.DebugDLL|x64.ActiveCfg = DebugDLL|x64
		{F6B57139-D9F3-4B02-AA92-4E1F417649DA}.DebugDLL|x64.Build.0 = DebugDLL|x64
		{F6B57139-D9F3-4B02-AA92-4E1F417649DA}.DebugDLL|x86.ActiveCfg = DebugDLL|Win32
		{F6B57139-D9F3-4B02-AA92-4E1F417649DA}.DebugDLL|x86.Build.0 = DebugDLL|Win32
		{F6B57139-D9F3-4B02-AA92-4E1F417649DA}.ProductionRelease|x64.ActiveCfg = ProductionRelease|x64
		{F6B57139-D9F3-4B02-AA92-4E1F417649DA}.ProductionRelease|x64.Build.0 = ProductionRelease|x64
		{F6B57139-D9F3-4B02-AA92-4E1F417649DA}.ProductionRelease|x86.ActiveCfg = ProductionRelease|Win32
		{F6B57139-D9F3-4B02-AA92-4E1F417649DA}.ProductionRelease|x86.Build.0 = ProductionRelease|Win32
		{F6B57139-D9F3-4B02-AA92-4E1F417649DA}.ProductionReleaseDLL|x64.ActiveCfg = ProductionReleaseDLL|x64
		{F6B57139-D9F3-4B02-AA92-4E1F417649DA}.ProductionReleaseDLL|x64.Build.0 = ProductionReleaseDLL|x64
		{F6B57139-D9F3-4B02-AA92-4E1F417649DA}.ProductionReleaseDLL|x86.ActiveCfg = ProductionReleaseDLL|Win32
		{F6B57139-D9F3-4B02-AA92-4E1F417649DA}.ProductionReleaseDLL|x86.Build.0 = ProductionReleaseDLL|Win32
		{F6B57139-D9F3-4B02-AA92-4E1F417649DA}.Release|x64.ActiveCfg = Release|x64
		{F6B57139-D9F3-4B02-AA92-4E1F417649DA}.Release|x64.Build.0 = Release|x64
		{F6B57139-D9F3-4B02-AA92-4E1F417649DA}.Release|x86.ActiveCfg = Release|Win32
		{F6B57139-D9F3-4B02-AA92-4E1F417649DA}.Release|x86.Build.0 = Release|Win32
		{F6B57139-D9F3-4B02-AA92-4E1F417649DA}.ReleaseDLL|x64.ActiveCfg = ReleaseDLL|x64
		{F6B57139-D9F3-4B02-AA92-4E1F417649DA}.ReleaseDLL|x64.Build.0 = ReleaseDLL|x64
		{F6B57139-D9F3-4B02-AA92-4E1F417649DA}.ReleaseDLL|x86.ActiveCfg = ReleaseDLL|Win32
		{F6B57139-D9F3-4B02-AA92-4E1F417649DA}.ReleaseDLL|x86.Build.0 = ReleaseDLL|Win32
		{91F7FB1E-1D8D-4544-99E2-23D409D666AB}.Debug|x64.ActiveCfg = Debug|x64
		{91F7FB1E-1D8D-4544-99E2-23D409D666AB}.Debug|x64.Build.0 = Debug|x64
		{91F7FB1E-1D8D-4544-99E2-23D409D666AB}.Debug|x86.ActiveCfg = Debug|Win32
		{91F7FB1E-1D8D-4544-99E2-23D409D666AB}.Debug|x86.Build.0 = Debug|Win32
		{91F7FB1E-1D8D-4544-99E2-23D409D666AB}.DebugDLL|x64.ActiveCfg = DebugDLL|x64
		{91F7FB1E-1D8D-4544-99E2-23D409D666AB}.DebugDLL|x64.Build.0 = DebugDLL|x64
		{91F7FB1E-1D8D-4544-99E2-23D409D666AB}.DebugDLL|x86.ActiveCfg = DebugDLL|Win32
		{91F7FB1E-1D8D-4544-99E2-23D409D666AB}.DebugDLL|x86.Build.0 = DebugDLL|Win32
		{91F7FB1E-1D8D-4544-99E2-23D409D666AB}.ProductionRelease|x64.ActiveCfg = ProductionRelease|x64
		{91F7FB1E-1D8D-4544-99E2-23D409D666AB}.ProductionRelease|x64.Build.0 = ProductionRelease|x64
		{91F7FB1E-1D8D-4544-99E2-23D409D666AB}.ProductionRelease|x86.ActiveCfg = ProductionRelease|Win32
		{91F7FB1E-1D8D-4544-99E2-23D409D666AB}.ProductionRelease|x86.Build.0 = ProductionRelease|Win32
		{91F7FB1E-1D8D-4544-99E2-23D409D666AB}.ProductionReleaseDLL|x64.ActiveCfg = ProductionReleaseDLL|x64
		{91F7FB1E-1D8D-4544-99E2-23D409D666AB}.ProductionReleaseDLL|x64.Build.0 = ProductionReleaseDLL|x64
		{91F7FB1E-1D8D-4544-99E2-23D409D666AB}.ProductionReleaseDLL|x86.ActiveCfg = ProductionReleaseDLL|Win32
		{91F7FB1E-1D8D-4544-99E2-23D409D666AB}.ProductionReleaseDLL|x86.Build.0 = ProductionReleaseDLL|Win32
		{91F7FB1E-1D8D-4544-99E2-23D409D666AB}.Release|x64.ActiveCfg = Release|x64
		{91F7FB1E-1D8D-4544-99E2-23D409D666AB}.Release|x64.Build.0 = Release|x64
		{91F7FB1E-1D8D-4544-99E2-23D409D666AB}.Release|x86.ActiveCfg = Release|Win32
		{91F7FB1E-1D8D-4544-99E2-23D409D666AB}.Release|x86.Build.0 = Release|Win32
		{91F7FB1E-1D8D-4544-99E2-23D409D666AB}.ReleaseDLL|x64.ActiveCfg = ReleaseDLL|x64
		{91F7FB1E-1D8D-4544-99E2-23D409D666AB}.ReleaseDLL|x64.Build.0 = ReleaseDLL|x64
		{91F7FB1E-1D8D-4544-99E2-23D409D666AB}.ReleaseDLL|x86.ActiveCfg = ReleaseDLL|Win32
		{91F7FB1E-1D8D-4544-99E2-23D409D666AB}.ReleaseDLL|x86.Build.0 = ReleaseDLL|Win32
	EndGlobalSection
	GlobalSection(SolutionProperties) = preSolution
		HideSolutionNode = FALSE
	EndGlobalSection
	GlobalSection(NestedProjects) = preSolution
		{F6B57139-D9F3-4B02-AA92-4E1F417649DA} = {CD2D8489-861B-4FB2-A5C6-AD4FC606357A}
		{91F7FB1E-1D8D-4544-99E2-23D409D666AB} = {CD2D8489-861B-4FB2-A5C6-AD4FC606357A}
	EndGlobalSection
	GlobalSection(ExtensibilityGlobals) = postSolution
		SolutionGuid = {401BC634-0212-4628-8FC8-3CB8F2BB49C8}
	EndGlobalSection
EndGlobal
